// !$*UTF8*$!
{
	archiveVersion = 1;
	classes = {
	};
	objectVersion = 48;
	objects = {

/* Begin PBXFileReference section */
		943CB3851F211C8100023A9A /* package.json */ = {isa = PBXFileReference; lastKnownFileType = text.json; path = package.json; sourceTree = "<group>"; };
		943CB3861F211C8100023A9A /* index.js */ = {isa = PBXFileReference; lastKnownFileType = sourcecode.javascript; path = index.js; sourceTree = "<group>"; };
		943CB3871F211C8100023A9A /* dotti.js */ = {isa = PBXFileReference; lastKnownFileType = sourcecode.javascript; path = dotti.js; sourceTree = "<group>"; };
		943CB3881F2130BE00023A9A /* config-sample.json */ = {isa = PBXFileReference; lastKnownFileType = text.json; path = "config-sample.json"; sourceTree = "<group>"; };
/* End PBXFileReference section */

/* Begin PBXGroup section */
		943CB37E1F211C3900023A9A = {
			isa = PBXGroup;
			children = (
				943CB3851F211C8100023A9A /* package.json */,
				943CB3861F211C8100023A9A /* index.js */,
				943CB3871F211C8100023A9A /* dotti.js */,
				943CB3881F2130BE00023A9A /* config-sample.json */,
			);
			sourceTree = "<group>";
		};
/* End PBXGroup section */

/* Begin PBXProject section */
		943CB37F1F211C3900023A9A /* Project object */ = {
			isa = PBXProject;
			attributes = {
				LastUpgradeCheck = 0900;
			};
			buildConfigurationList = 943CB3821F211C3900023A9A /* Build configuration list for PBXProject "homebridge-dotti" */;
			compatibilityVersion = "Xcode 8.0";
			developmentRegion = en;
			hasScannedForEncodings = 0;
			knownRegions = (
				en,
			);
			mainGroup = 943CB37E1F211C3900023A9A;
			projectDirPath = "";
			projectRoot = "";
			targets = (
			);
		};
/* End PBXProject section */

/* Begin XCBuildConfiguration section */
		943CB3831F211C3900023A9A /* Debug */ = {
			isa = XCBuildConfiguration;
			buildSettings = {
			};
			name = Debug;
		};
		943CB3841F211C3900023A9A /* Release */ = {
			isa = XCBuildConfiguration;
			buildSettings = {
			};
			name = Release;
		};
/* End XCBuildConfiguration section */

/* Begin XCConfigurationList section */
		943CB3821F211C3900023A9A /* Build configuration list for PBXProject "homebridge-dotti" */ = {
			isa = XCConfigurationList;
			buildConfigurations = (
				943CB3831F211C3900023A9A /* Debug */,
				943CB3841F211C3900023A9A /* Release */,
			);
			defaultConfigurationIsVisible = 0;
			defaultConfigurationName = Release;
		};
/* End XCConfigurationList section */
	};
	rootObject = 943CB37F1F211C3900023A9A /* Project object */;
}
